// !$*UTF8*$!
{
	archiveVersion = 1;
	classes = {
	};
	objectVersion = 50;
	objects = {

/* Begin PBXBuildFile section */
		2C7C040425594B84000EF048 /* AppDelegate.swift in Sources */ = {isa = PBXBuildFile; fileRef = 2C7C040325594B84000EF048 /* AppDelegate.swift */; };
		2C7C040625594B84000EF048 /* SceneDelegate.swift in Sources */ = {isa = PBXBuildFile; fileRef = 2C7C040525594B84000EF048 /* SceneDelegate.swift */; };
		2C7C040B25594B84000EF048 /* Main.storyboard in Resources */ = {isa = PBXBuildFile; fileRef = 2C7C040925594B84000EF048 /* Main.storyboard */; };
		2C7C040D25594B87000EF048 /* Assets.xcassets in Resources */ = {isa = PBXBuildFile; fileRef = 2C7C040C25594B87000EF048 /* Assets.xcassets */; };
		2C7C041025594B87000EF048 /* LaunchScreen.storyboard in Resources */ = {isa = PBXBuildFile; fileRef = 2C7C040E25594B87000EF048 /* LaunchScreen.storyboard */; };
		2C7C041825594D20000EF048 /* RegistrationViewController.swift in Sources */ = {isa = PBXBuildFile; fileRef = 2C7C041725594D20000EF048 /* RegistrationViewController.swift */; };
		2C7C041A2559762E000EF048 /* StartViewController.swift in Sources */ = {isa = PBXBuildFile; fileRef = 2C7C04192559762E000EF048 /* StartViewController.swift */; };
		2C7C041C25599729000EF048 /* UserModel.swift in Sources */ = {isa = PBXBuildFile; fileRef = 2C7C041B25599729000EF048 /* UserModel.swift */; };
		2C7C0423255A9DF8000EF048 /* PhotoViewController.swift in Sources */ = {isa = PBXBuildFile; fileRef = 2C7C0422255A9DF8000EF048 /* PhotoViewController.swift */; };
/* End PBXBuildFile section */

/* Begin PBXFileReference section */
		2C7C040025594B84000EF048 /* UserRegistration.app */ = {isa = PBXFileReference; explicitFileType = wrapper.application; includeInIndex = 0; path = UserRegistration.app; sourceTree = BUILT_PRODUCTS_DIR; };
		2C7C040325594B84000EF048 /* AppDelegate.swift */ = {isa = PBXFileReference; lastKnownFileType = sourcecode.swift; path = AppDelegate.swift; sourceTree = "<group>"; };
		2C7C040525594B84000EF048 /* SceneDelegate.swift */ = {isa = PBXFileReference; lastKnownFileType = sourcecode.swift; path = SceneDelegate.swift; sourceTree = "<group>"; };
		2C7C040A25594B84000EF048 /* Base */ = {isa = PBXFileReference; lastKnownFileType = file.storyboard; name = Base; path = Base.lproj/Main.storyboard; sourceTree = "<group>"; };
		2C7C040C25594B87000EF048 /* Assets.xcassets */ = {isa = PBXFileReference; lastKnownFileType = folder.assetcatalog; path = Assets.xcassets; sourceTree = "<group>"; };
		2C7C040F25594B87000EF048 /* Base */ = {isa = PBXFileReference; lastKnownFileType = file.storyboard; name = Base; path = Base.lproj/LaunchScreen.storyboard; sourceTree = "<group>"; };
		2C7C041125594B87000EF048 /* Info.plist */ = {isa = PBXFileReference; lastKnownFileType = text.plist.xml; path = Info.plist; sourceTree = "<group>"; };
		2C7C041725594D20000EF048 /* RegistrationViewController.swift */ = {isa = PBXFileReference; lastKnownFileType = sourcecode.swift; path = RegistrationViewController.swift; sourceTree = "<group>"; };
		2C7C04192559762E000EF048 /* StartViewController.swift */ = {isa = PBXFileReference; lastKnownFileType = sourcecode.swift; path = StartViewController.swift; sourceTree = "<group>"; };
		2C7C041B25599729000EF048 /* UserModel.swift */ = {isa = PBXFileReference; lastKnownFileType = sourcecode.swift; path = UserModel.swift; sourceTree = "<group>"; };
		2C7C0422255A9DF8000EF048 /* PhotoViewController.swift */ = {isa = PBXFileReference; lastKnownFileType = sourcecode.swift; path = PhotoViewController.swift; sourceTree = "<group>"; };
/* End PBXFileReference section */

/* Begin PBXFrameworksBuildPhase section */
		2C7C03FD25594B84000EF048 /* Frameworks */ = {
			isa = PBXFrameworksBuildPhase;
			buildActionMask = 2147483647;
			files = (
			);
			runOnlyForDeploymentPostprocessing = 0;
		};
/* End PBXFrameworksBuildPhase section */

/* Begin PBXGroup section */
		2C7C03F725594B84000EF048 = {
			isa = PBXGroup;
			children = (
				2C7C040225594B84000EF048 /* UserRegistration */,
				2C7C040125594B84000EF048 /* Products */,
			);
			sourceTree = "<group>";
		};
		2C7C040125594B84000EF048 /* Products */ = {
			isa = PBXGroup;
			children = (
				2C7C040025594B84000EF048 /* UserRegistration.app */,
			);
			name = Products;
			sourceTree = "<group>";
		};
		2C7C040225594B84000EF048 /* UserRegistration */ = {
			isa = PBXGroup;
			children = (
				2C7C040325594B84000EF048 /* AppDelegate.swift */,
				2C7C040525594B84000EF048 /* SceneDelegate.swift */,
				2C7C040925594B84000EF048 /* Main.storyboard */,
				2C7C041D2559975C000EF048 /* Model */,
				2C7C04192559762E000EF048 /* StartViewController.swift */,
				2C7C041725594D20000EF048 /* RegistrationViewController.swift */,
				2C7C0422255A9DF8000EF048 /* PhotoViewController.swift */,
				2C7C040C25594B87000EF048 /* Assets.xcassets */,
				2C7C040E25594B87000EF048 /* LaunchScreen.storyboard */,
				2C7C041125594B87000EF048 /* Info.plist */,
			);
			path = UserRegistration;
			sourceTree = "<group>";
		};
		2C7C041D2559975C000EF048 /* Model */ = {
			isa = PBXGroup;
			children = (
				2C7C041B25599729000EF048 /* UserModel.swift */,
			);
			path = Model;
			sourceTree = "<group>";
		};
/* End PBXGroup section */

/* Begin PBXNativeTarget section */
		2C7C03FF25594B84000EF048 /* UserRegistration */ = {
			isa = PBXNativeTarget;
			buildConfigurationList = 2C7C041425594B87000EF048 /* Build configuration list for PBXNativeTarget "UserRegistration" */;
			buildPhases = (
				2C7C03FC25594B84000EF048 /* Sources */,
				2C7C03FD25594B84000EF048 /* Frameworks */,
				2C7C03FE25594B84000EF048 /* Resources */,
			);
			buildRules = (
			);
			dependencies = (
			);
			name = UserRegistration;
			productName = UserRegistration;
			productReference = 2C7C040025594B84000EF048 /* UserRegistration.app */;
			productType = "com.apple.product-type.application";
		};
/* End PBXNativeTarget section */

/* Begin PBXProject section */
		2C7C03F825594B84000EF048 /* Project object */ = {
			isa = PBXProject;
			attributes = {
				LastSwiftUpdateCheck = 1150;
				LastUpgradeCheck = 1150;
				ORGANIZATIONNAME = "Сергей Голенко";
				TargetAttributes = {
					2C7C03FF25594B84000EF048 = {
						CreatedOnToolsVersion = 11.5;
					};
				};
			};
			buildConfigurationList = 2C7C03FB25594B84000EF048 /* Build configuration list for PBXProject "UserRegistration" */;
			compatibilityVersion = "Xcode 9.3";
			developmentRegion = en;
			hasScannedForEncodings = 0;
			knownRegions = (
				en,
				Base,
			);
			mainGroup = 2C7C03F725594B84000EF048;
			productRefGroup = 2C7C040125594B84000EF048 /* Products */;
			projectDirPath = "";
			projectRoot = "";
			targets = (
				2C7C03FF25594B84000EF048 /* UserRegistration */,
			);
		};
/* End PBXProject section */

/* Begin PBXResourcesBuildPhase section */
		2C7C03FE25594B84000EF048 /* Resources */ = {
			isa = PBXResourcesBuildPhase;
			buildActionMask = 2147483647;
			files = (
				2C7C041025594B87000EF048 /* LaunchScreen.storyboard in Resources */,
				2C7C040D25594B87000EF048 /* Assets.xcassets in Resources */,
				2C7C040B25594B84000EF048 /* Main.storyboard in Resources */,
			);
			runOnlyForDeploymentPostprocessing = 0;
		};
/* End PBXResourcesBuildPhase section */

/* Begin PBXSourcesBuildPhase section */
		2C7C03FC25594B84000EF048 /* Sources */ = {
			isa = PBXSourcesBuildPhase;
			buildActionMask = 2147483647;
			files = (
				2C7C041825594D20000EF048 /* RegistrationViewController.swift in Sources */,
				2C7C041A2559762E000EF048 /* StartViewController.swift in Sources */,
				2C7C040425594B84000EF048 /* AppDelegate.swift in Sources */,
				2C7C041C25599729000EF048 /* UserModel.swift in Sources */,
				2C7C0423255A9DF8000EF048 /* PhotoViewController.swift in Sources */,
				2C7C040625594B84000EF048 /* SceneDelegate.swift in Sources */,
			);
			runOnlyForDeploymentPostprocessing = 0;
		};
/* End PBXSourcesBuildPhase section */

/* Begin PBXVariantGroup section */
		2C7C040925594B84000EF048 /* Main.storyboard */ = {
			isa = PBXVariantGroup;
			children = (
				2C7C040A25594B84000EF048 /* Base */,
			);
			name = Main.storyboard;
			sourceTree = "<group>";
		};
		2C7C040E25594B87000EF048 /* LaunchScreen.storyboard */ = {
			isa = PBXVariantGroup;
			children = (
				2C7C040F25594B87000EF048 /* Base */,
			);
			name = LaunchScreen.storyboard;
			sourceTree = "<group>";
		};
/* End PBXVariantGroup section */

/* Begin XCBuildConfiguration section */
		2C7C041225594B87000EF048 /* Debug */ = {
			isa = XCBuildConfiguration;
			buildSettings = {
				ALWAYS_SEARCH_USER_PATHS = NO;
				CLANG_ANALYZER_NONNULL = YES;
				CLANG_ANALYZER_NUMBER_OBJECT_CONVERSION = YES_AGGRESSIVE;
				CLANG_CXX_LANGUAGE_STANDARD = "gnu++14";
				CLANG_CXX_LIBRARY = "libc++";
				CLANG_ENABLE_MODULES = YES;
				CLANG_ENABLE_OBJC_ARC = YES;
				CLANG_ENABLE_OBJC_WEAK = YES;
				CLANG_WARN_BLOCK_CAPTURE_AUTORELEASING = YES;
				CLANG_WARN_BOOL_CONVERSION = YES;
				CLANG_WARN_COMMA = YES;
				CLANG_WARN_CONSTANT_CONVERSION = YES;
				CLANG_WARN_DEPRECATED_OBJC_IMPLEMENTATIONS = YES;
				CLANG_WARN_DIRECT_OBJC_ISA_USAGE = YES_ERROR;
				CLANG_WARN_DOCUMENTATION_COMMENTS = YES;
				CLANG_WARN_EMPTY_BODY = YES;
				CLANG_WARN_ENUM_CONVERSION = YES;
				CLANG_WARN_INFINITE_RECURSION = YES;
				CLANG_WARN_INT_CONVERSION = YES;
				CLANG_WARN_NON_LITERAL_NULL_CONVERSION = YES;
				CLANG_WARN_OBJC_IMPLICIT_RETAIN_SELF = YES;
				CLANG_WARN_OBJC_LITERAL_CONVERSION = YES;
				CLANG_WARN_OBJC_ROOT_CLASS = YES_ERROR;
				CLANG_WARN_RANGE_LOOP_ANALYSIS = YES;
				CLANG_WARN_STRICT_PROTOTYPES = YES;
				CLANG_WARN_SUSPICIOUS_MOVE = YES;
				CLANG_WARN_UNGUARDED_AVAILABILITY = YES_AGGRESSIVE;
				CLANG_WARN_UNREACHABLE_CODE = YES;
				CLANG_WARN__DUPLICATE_METHOD_MATCH = YES;
				COPY_PHASE_STRIP = NO;
				DEBUG_INFORMATION_FORMAT = dwarf;
				ENABLE_STRICT_OBJC_MSGSEND = YES;
				ENABLE_TESTABILITY = YES;
				GCC_C_LANGUAGE_STANDARD = gnu11;
				GCC_DYNAMIC_NO_PIC = NO;
				GCC_NO_COMMON_BLOCKS = YES;
				GCC_OPTIMIZATION_LEVEL = 0;
				GCC_PREPROCESSOR_DEFINITIONS = (
					"DEBUG=1",
					"$(inherited)",
				);
				GCC_WARN_64_TO_32_BIT_CONVERSION = YES;
				GCC_WARN_ABOUT_RETURN_TYPE = YES_ERROR;
				GCC_WARN_UNDECLARED_SELECTOR = YES;
				GCC_WARN_UNINITIALIZED_AUTOS = YES_AGGRESSIVE;
				GCC_WARN_UNUSED_FUNCTION = YES;
				GCC_WARN_UNUSED_VARIABLE = YES;
				IPHONEOS_DEPLOYMENT_TARGET = 13.5;
				MTL_ENABLE_DEBUG_INFO = INCLUDE_SOURCE;
				MTL_FAST_MATH = YES;
				ONLY_ACTIVE_ARCH = YES;
				SDKROOT = iphoneos;
				SWIFT_ACTIVE_COMPILATION_CONDITIONS = DEBUG;
				SWIFT_OPTIMIZATION_LEVEL = "-Onone";
			};
			name = Debug;
		};
		2C7C041325594B87000EF048 /* Release */ = {
			isa = XCBuildConfiguration;
			buildSettings = {
				ALWAYS_SEARCH_USER_PATHS = NO;
				CLANG_ANALYZER_NONNULL = YES;
				CLANG_ANALYZER_NUMBER_OBJECT_CONVERSION = YES_AGGRESSIVE;
				CLANG_CXX_LANGUAGE_STANDARD = "gnu++14";
				CLANG_CXX_LIBRARY = "libc++";
				CLANG_ENABLE_MODULES = YES;
				CLANG_ENABLE_OBJC_ARC = YES;
				CLANG_ENABLE_OBJC_WEAK = YES;
				CLANG_WARN_BLOCK_CAPTURE_AUTORELEASING = YES;
				CLANG_WARN_BOOL_CONVERSION = YES;
				CLANG_WARN_COMMA = YES;
				CLANG_WARN_CONSTANT_CONVERSION = YES;
				CLANG_WARN_DEPRECATED_OBJC_IMPLEMENTATIONS = YES;
				CLANG_WARN_DIRECT_OBJC_ISA_USAGE = YES_ERROR;
				CLANG_WARN_DOCUMENTATION_COMMENTS = YES;
				CLANG_WARN_EMPTY_BODY = YES;
				CLANG_WARN_ENUM_CONVERSION = YES;
				CLANG_WARN_INFINITE_RECURSION = YES;
				CLANG_WARN_INT_CONVERSION = YES;
				CLANG_WARN_NON_LITERAL_NULL_CONVERSION = YES;
				CLANG_WARN_OBJC_IMPLICIT_RETAIN_SELF = YES;
				CLANG_WARN_OBJC_LITERAL_CONVERSION = YES;
				CLANG_WARN_OBJC_ROOT_CLASS = YES_ERROR;
				CLANG_WARN_RANGE_LOOP_ANALYSIS = YES;
				CLANG_WARN_STRICT_PROTOTYPES = YES;
				CLANG_WARN_SUSPICIOUS_MOVE = YES;
				CLANG_WARN_UNGUARDED_AVAILABILITY = YES_AGGRESSIVE;
				CLANG_WARN_UNREACHABLE_CODE = YES;
				CLANG_WARN__DUPLICATE_METHOD_MATCH = YES;
				COPY_PHASE_STRIP = NO;
				DEBUG_INFORMATION_FORMAT = "dwarf-with-dsym";
				ENABLE_NS_ASSERTIONS = NO;
				ENABLE_STRICT_OBJC_MSGSEND = YES;
				GCC_C_LANGUAGE_STANDARD = gnu11;
				GCC_NO_COMMON_BLOCKS = YES;
				GCC_WARN_64_TO_32_BIT_CONVERSION = YES;
				GCC_WARN_ABOUT_RETURN_TYPE = YES_ERROR;
				GCC_WARN_UNDECLARED_SELECTOR = YES;
				GCC_WARN_UNINITIALIZED_AUTOS = YES_AGGRESSIVE;
				GCC_WARN_UNUSED_FUNCTION = YES;
				GCC_WARN_UNUSED_VARIABLE = YES;
				IPHONEOS_DEPLOYMENT_TARGET = 13.5;
				MTL_ENABLE_DEBUG_INFO = NO;
				MTL_FAST_MATH = YES;
				SDKROOT = iphoneos;
				SWIFT_COMPILATION_MODE = wholemodule;
				SWIFT_OPTIMIZATION_LEVEL = "-O";
				VALIDATE_PRODUCT = YES;
			};
			name = Release;
		};
		2C7C041525594B87000EF048 /* Debug */ = {
			isa = XCBuildConfiguration;
			buildSettings = {
				ASSETCATALOG_COMPILER_APPICON_NAME = AppIcon;
				CODE_SIGN_STYLE = Automatic;
				DEVELOPMENT_TEAM = B3KLBR624F;
				INFOPLIST_FILE = UserRegistration/Info.plist;
				LD_RUNPATH_SEARCH_PATHS = (
					"$(inherited)",
					"@executable_path/Frameworks",
				);
				PRODUCT_BUNDLE_IDENTIFIER = com.swift.SergeyGolenko.MyLocationsApp.UserRegistration;
				PRODUCT_NAME = "$(TARGET_NAME)";
				SWIFT_VERSION = 5.0;
				TARGETED_DEVICE_FAMILY = 1;
			};
			name = Debug;
		};
		2C7C041625594B87000EF048 /* Release */ = {
			isa = XCBuildConfiguration;
			buildSettings = {
				ASSETCATALOG_COMPILER_APPICON_NAME = AppIcon;
				CODE_SIGN_STYLE = Automatic;
				DEVELOPMENT_TEAM = B3KLBR624F;
				INFOPLIST_FILE = UserRegistration/Info.plist;
				LD_RUNPATH_SEARCH_PATHS = (
					"$(inherited)",
					"@executable_path/Frameworks",
				);
				PRODUCT_BUNDLE_IDENTIFIER = com.swift.SergeyGolenko.MyLocationsApp.UserRegistration;
				PRODUCT_NAME = "$(TARGET_NAME)";
				SWIFT_VERSION = 5.0;
				TARGETED_DEVICE_FAMILY = 1;
			};
			name = Release;
		};
/* End XCBuildConfiguration section */

/* Begin XCConfigurationList section */
		2C7C03FB25594B84000EF048 /* Build configuration list for PBXProject "UserRegistration" */ = {
			isa = XCConfigurationList;
			buildConfigurations = (
				2C7C041225594B87000EF048 /* Debug */,
				2C7C041325594B87000EF048 /* Release */,
			);
			defaultConfigurationIsVisible = 0;
			defaultConfigurationName = Release;
		};
		2C7C041425594B87000EF048 /* Build configuration list for PBXNativeTarget "UserRegistration" */ = {
			isa = XCConfigurationList;
			buildConfigurations = (
				2C7C041525594B87000EF048 /* Debug */,
				2C7C041625594B87000EF048 /* Release */,
			);
			defaultConfigurationIsVisible = 0;
			defaultConfigurationName = Release;
		};
/* End XCConfigurationList section */
	};
	rootObject = 2C7C03F825594B84000EF048 /* Project object */;
}
